
Microsoft Visual Studio Solution File, Format Version 12.00
# Visual Studio Version 16
VisualStudioVersion = 16.0.31005.135
MinimumVisualStudioVersion = 10.0.40219.1
Project("{FAE04EC0-301F-11D3-BF4B-00C04F79EFBC}") = "trickyTest2021", "trickyTest2021.csproj", "{3AFF935C-1745-40E5-860A-EC027D843755}"
EndProject
Global
	GlobalSection(SolutionConfigurationPlatforms) = preSolution
		Debug|Any CPU = Debug|Any CPU
		Release|Any CPU = Release|Any CPU
	EndGlobalSection
	GlobalSection(ProjectConfigurationPlatforms) = postSolution
		{3AFF935C-1745-40E5-860A-EC027D843755}.Debug|Any CPU.ActiveCfg = Debug|Any CPU
		{3AFF935C-1745-40E5-860A-EC027D843755}.Debug|Any CPU.Build.0 = Debug|Any CPU
		{3AFF935C-1745-40E5-860A-EC027D843755}.Release|Any CPU.ActiveCfg = Release|Any CPU
		{3AFF935C-1745-40E5-860A-EC027D843755}.Release|Any CPU.Build.0 = Release|Any CPU
	EndGlobalSection
	GlobalSection(SolutionProperties) = preSolution
		HideSolutionNode = FALSE
	EndGlobalSection
	GlobalSection(ExtensibilityGlobals) = postSolution
		SolutionGuid = {BCF77F9F-FD88-4169-A085-48DD0AD0B538}
	EndGlobalSection
EndGlobal
